
Microsoft Visual Studio Solution File, Format Version 12.00
# Visual Studio Version 17
VisualStudioVersion = 17.12.35527.113
MinimumVisualStudioVersion = 10.0.40219.1
Project("{FAE04EC0-301F-11D3-BF4B-00C04F79EFBC}") = "Repository", "Repository\Repository.csproj", "{490021CF-00C8-453D-B571-10973D91189A}"
EndProject
Project("{FAE04EC0-301F-11D3-BF4B-00C04F79EFBC}") = "Entities", "Entities\Entities.csproj", "{81FD5CAD-20E0-4730-9852-4B3C07443FB5}"
EndProject
Project("{2150E333-8FDC-42A3-9474-1A3956D46DE8}") = "Server", "Server", "{4376C4BE-E781-439A-9270-EB2BC173B0C3}"
EndProject
Project("{2150E333-8FDC-42A3-9474-1A3956D46DE8}") = "MQTTBroker", "MQTTBroker", "{237E8B90-5479-4968-A31C-45CB1958649C}"
EndProject
Project("{2150E333-8FDC-42A3-9474-1A3956D46DE8}") = "TelegramBot", "TelegramBot", "{40250694-CE3A-41F5-8990-8EE5304650F5}"
EndProject
Project("{2150E333-8FDC-42A3-9474-1A3956D46DE8}") = "Database", "Database", "{B23FEB5B-3BD1-494B-B673-8F9EF13A3C8D}"
EndProject
Project("{2150E333-8FDC-42A3-9474-1A3956D46DE8}") = "Common", "Common", "{2D81621A-1A90-4810-ADB4-C0B9B84E9B58}"
EndProject
Project("{FAE04EC0-301F-11D3-BF4B-00C04F79EFBC}") = "WebApp", "WebApp\WebApp.csproj", "{B129B362-17E7-44EF-819F-7B3022B64595}"
EndProject
Project("{FAE04EC0-301F-11D3-BF4B-00C04F79EFBC}") = "TelegramBot.Core", "TelegramBot.Core\TelegramBot.Core.csproj", "{0B512C1C-375C-4013-BDDC-075DFA27583B}"
EndProject
Project("{FAE04EC0-301F-11D3-BF4B-00C04F79EFBC}") = "MQTTBroker.Core", "MQTTBroker.Core\MQTTBroker.Core.csproj", "{E7EE31D3-D22A-496B-BBC5-C1008E5425DB}"
EndProject
Project("{FAE04EC0-301F-11D3-BF4B-00C04F79EFBC}") = "Service", "Service\Service.csproj", "{5E69FB03-5AFB-4C2F-9CD5-1B9DABE47032}"
EndProject
Project("{FAE04EC0-301F-11D3-BF4B-00C04F79EFBC}") = "Service.Contracts", "Service.Contracts\Service.Contracts.csproj", "{9257C563-D2BC-482E-954B-A6E8A90FD905}"
EndProject
Project("{2150E333-8FDC-42A3-9474-1A3956D46DE8}") = "Service", "Service", "{96EE7466-A0F2-4A24-A0D3-8AEB66BA4292}"
EndProject
Project("{2150E333-8FDC-42A3-9474-1A3956D46DE8}") = "Logger", "Logger", "{CABF8803-7524-4DF5-8F78-B71AD851DF57}"
EndProject
Project("{FAE04EC0-301F-11D3-BF4B-00C04F79EFBC}") = "LoggerService", "LoggerService\LoggerService.csproj", "{B7BF22AD-19C7-4FCE-A8EB-D31B8462349B}"
EndProject
Project("{2150E333-8FDC-42A3-9474-1A3956D46DE8}") = "Core", "Core", "{393410D8-0347-4E60-82A8-EE1830331D5F}"
EndProject
Project("{FAE04EC0-301F-11D3-BF4B-00C04F79EFBC}") = "Repository.Contracts", "Repository.Contracts\Repository.Contracts.csproj", "{15ACABA1-4E60-426B-AF1A-9CC4792D6818}"
EndProject
Global
	GlobalSection(SolutionConfigurationPlatforms) = preSolution
		Debug|Any CPU = Debug|Any CPU
		Release|Any CPU = Release|Any CPU
	EndGlobalSection
	GlobalSection(ProjectConfigurationPlatforms) = postSolution
		{490021CF-00C8-453D-B571-10973D91189A}.Debug|Any CPU.ActiveCfg = Debug|Any CPU
		{490021CF-00C8-453D-B571-10973D91189A}.Debug|Any CPU.Build.0 = Debug|Any CPU
		{490021CF-00C8-453D-B571-10973D91189A}.Release|Any CPU.ActiveCfg = Release|Any CPU
		{490021CF-00C8-453D-B571-10973D91189A}.Release|Any CPU.Build.0 = Release|Any CPU
		{81FD5CAD-20E0-4730-9852-4B3C07443FB5}.Debug|Any CPU.ActiveCfg = Debug|Any CPU
		{81FD5CAD-20E0-4730-9852-4B3C07443FB5}.Debug|Any CPU.Build.0 = Debug|Any CPU
		{81FD5CAD-20E0-4730-9852-4B3C07443FB5}.Release|Any CPU.ActiveCfg = Release|Any CPU
		{81FD5CAD-20E0-4730-9852-4B3C07443FB5}.Release|Any CPU.Build.0 = Release|Any CPU
		{B129B362-17E7-44EF-819F-7B3022B64595}.Debug|Any CPU.ActiveCfg = Debug|Any CPU
		{B129B362-17E7-44EF-819F-7B3022B64595}.Debug|Any CPU.Build.0 = Debug|Any CPU
		{B129B362-17E7-44EF-819F-7B3022B64595}.Release|Any CPU.ActiveCfg = Release|Any CPU
		{B129B362-17E7-44EF-819F-7B3022B64595}.Release|Any CPU.Build.0 = Release|Any CPU
		{0B512C1C-375C-4013-BDDC-075DFA27583B}.Debug|Any CPU.ActiveCfg = Debug|Any CPU
		{0B512C1C-375C-4013-BDDC-075DFA27583B}.Debug|Any CPU.Build.0 = Debug|Any CPU
		{0B512C1C-375C-4013-BDDC-075DFA27583B}.Release|Any CPU.ActiveCfg = Release|Any CPU
		{0B512C1C-375C-4013-BDDC-075DFA27583B}.Release|Any CPU.Build.0 = Release|Any CPU
		{E7EE31D3-D22A-496B-BBC5-C1008E5425DB}.Debug|Any CPU.ActiveCfg = Debug|Any CPU
		{E7EE31D3-D22A-496B-BBC5-C1008E5425DB}.Debug|Any CPU.Build.0 = Debug|Any CPU
		{E7EE31D3-D22A-496B-BBC5-C1008E5425DB}.Release|Any CPU.ActiveCfg = Release|Any CPU
		{E7EE31D3-D22A-496B-BBC5-C1008E5425DB}.Release|Any CPU.Build.0 = Release|Any CPU
		{5E69FB03-5AFB-4C2F-9CD5-1B9DABE47032}.Debug|Any CPU.ActiveCfg = Debug|Any CPU
		{5E69FB03-5AFB-4C2F-9CD5-1B9DABE47032}.Debug|Any CPU.Build.0 = Debug|Any CPU
		{5E69FB03-5AFB-4C2F-9CD5-1B9DABE47032}.Release|Any CPU.ActiveCfg = Release|Any CPU
		{5E69FB03-5AFB-4C2F-9CD5-1B9DABE47032}.Release|Any CPU.Build.0 = Release|Any CPU
		{9257C563-D2BC-482E-954B-A6E8A90FD905}.Debug|Any CPU.ActiveCfg = Debug|Any CPU
		{9257C563-D2BC-482E-954B-A6E8A90FD905}.Debug|Any CPU.Build.0 = Debug|Any CPU
		{9257C563-D2BC-482E-954B-A6E8A90FD905}.Release|Any CPU.ActiveCfg = Release|Any CPU
		{9257C563-D2BC-482E-954B-A6E8A90FD905}.Release|Any CPU.Build.0 = Release|Any CPU
		{B7BF22AD-19C7-4FCE-A8EB-D31B8462349B}.Debug|Any CPU.ActiveCfg = Debug|Any CPU
		{B7BF22AD-19C7-4FCE-A8EB-D31B8462349B}.Debug|Any CPU.Build.0 = Debug|Any CPU
		{B7BF22AD-19C7-4FCE-A8EB-D31B8462349B}.Release|Any CPU.ActiveCfg = Release|Any CPU
		{B7BF22AD-19C7-4FCE-A8EB-D31B8462349B}.Release|Any CPU.Build.0 = Release|Any CPU
		{15ACABA1-4E60-426B-AF1A-9CC4792D6818}.Debug|Any CPU.ActiveCfg = Debug|Any CPU
		{15ACABA1-4E60-426B-AF1A-9CC4792D6818}.Debug|Any CPU.Build.0 = Debug|Any CPU
		{15ACABA1-4E60-426B-AF1A-9CC4792D6818}.Release|Any CPU.ActiveCfg = Release|Any CPU
		{15ACABA1-4E60-426B-AF1A-9CC4792D6818}.Release|Any CPU.Build.0 = Release|Any CPU
	EndGlobalSection
	GlobalSection(SolutionProperties) = preSolution
		HideSolutionNode = FALSE
	EndGlobalSection
	GlobalSection(NestedProjects) = preSolution
		{490021CF-00C8-453D-B571-10973D91189A} = {B23FEB5B-3BD1-494B-B673-8F9EF13A3C8D}
		{81FD5CAD-20E0-4730-9852-4B3C07443FB5} = {2D81621A-1A90-4810-ADB4-C0B9B84E9B58}
		{237E8B90-5479-4968-A31C-45CB1958649C} = {393410D8-0347-4E60-82A8-EE1830331D5F}
		{40250694-CE3A-41F5-8990-8EE5304650F5} = {393410D8-0347-4E60-82A8-EE1830331D5F}
		{B129B362-17E7-44EF-819F-7B3022B64595} = {4376C4BE-E781-439A-9270-EB2BC173B0C3}
		{0B512C1C-375C-4013-BDDC-075DFA27583B} = {40250694-CE3A-41F5-8990-8EE5304650F5}
		{E7EE31D3-D22A-496B-BBC5-C1008E5425DB} = {237E8B90-5479-4968-A31C-45CB1958649C}
		{5E69FB03-5AFB-4C2F-9CD5-1B9DABE47032} = {96EE7466-A0F2-4A24-A0D3-8AEB66BA4292}
		{9257C563-D2BC-482E-954B-A6E8A90FD905} = {96EE7466-A0F2-4A24-A0D3-8AEB66BA4292}
		{CABF8803-7524-4DF5-8F78-B71AD851DF57} = {96EE7466-A0F2-4A24-A0D3-8AEB66BA4292}
		{B7BF22AD-19C7-4FCE-A8EB-D31B8462349B} = {CABF8803-7524-4DF5-8F78-B71AD851DF57}
		{15ACABA1-4E60-426B-AF1A-9CC4792D6818} = {B23FEB5B-3BD1-494B-B673-8F9EF13A3C8D}
	EndGlobalSection
EndGlobal
